
Microsoft Visual Studio Solution File, Format Version 12.00
# Visual Studio Version 17
VisualStudioVersion = 17.0.32112.339
MinimumVisualStudioVersion = 10.0.40219.1
Project("{FAE04EC0-301F-11D3-BF4B-00C04F79EFBC}") = "Lab2_XML", "Lab2_XML\Lab2_XML.csproj", "{D5032253-8B71-472B-A653-F46B7EB998A8}"
EndProject
Global
	GlobalSection(SolutionConfigurationPlatforms) = preSolution
		Debug|Any CPU = Debug|Any CPU
		Release|Any CPU = Release|Any CPU
	EndGlobalSection
	GlobalSection(ProjectConfigurationPlatforms) = postSolution
		{D5032253-8B71-472B-A653-F46B7EB998A8}.Debug|Any CPU.ActiveCfg = Debug|Any CPU
		{D5032253-8B71-472B-A653-F46B7EB998A8}.Debug|Any CPU.Build.0 = Debug|Any CPU
		{D5032253-8B71-472B-A653-F46B7EB998A8}.Release|Any CPU.ActiveCfg = Release|Any CPU
		{D5032253-8B71-472B-A653-F46B7EB998A8}.Release|Any CPU.Build.0 = Release|Any CPU
	EndGlobalSection
	GlobalSection(SolutionProperties) = preSolution
		HideSolutionNode = FALSE
	EndGlobalSection
	GlobalSection(ExtensibilityGlobals) = postSolution
		SolutionGuid = {AD6658CA-2D80-49C3-AFB7-EACC2C0F87CD}
	EndGlobalSection
EndGlobal
