
Microsoft Visual Studio Solution File, Format Version 12.00
# Visual Studio Version 17
VisualStudioVersion = 17.0.32112.339
MinimumVisualStudioVersion = 10.0.40219.1
Project("{FAE04EC0-301F-11D3-BF4B-00C04F79EFBC}") = "SudokuMementoProg", "SudokuMementoProg\SudokuMementoProg.csproj", "{4F2DE3CB-C561-4C3B-9625-A0517930C9CA}"
EndProject
Global
	GlobalSection(SolutionConfigurationPlatforms) = preSolution
		Debug|Any CPU = Debug|Any CPU
		Release|Any CPU = Release|Any CPU
	EndGlobalSection
	GlobalSection(ProjectConfigurationPlatforms) = postSolution
		{4F2DE3CB-C561-4C3B-9625-A0517930C9CA}.Debug|Any CPU.ActiveCfg = Debug|Any CPU
		{4F2DE3CB-C561-4C3B-9625-A0517930C9CA}.Debug|Any CPU.Build.0 = Debug|Any CPU
		{4F2DE3CB-C561-4C3B-9625-A0517930C9CA}.Release|Any CPU.ActiveCfg = Release|Any CPU
		{4F2DE3CB-C561-4C3B-9625-A0517930C9CA}.Release|Any CPU.Build.0 = Release|Any CPU
	EndGlobalSection
	GlobalSection(SolutionProperties) = preSolution
		HideSolutionNode = FALSE
	EndGlobalSection
	GlobalSection(ExtensibilityGlobals) = postSolution
		SolutionGuid = {F1D5E572-7CE2-4CD1-9770-3DE5DAECF309}
	EndGlobalSection
EndGlobal
